github.com/hazembelkhiria/dogs v0.0.0-20250112153423-57bb569cee08 h1:EvxBaZ+7jsZj2Xuq8e5cN7oJZdjcbtLwq0O8QmWIV/E=
github.com/hazembelkhiria/dogs v0.0.0-20250112153423-57bb569cee08/go.mod h1:AwRbHMTYz+51zXmW+fB2RNjBbMahUQjQ5OafwDPWNMY=
github.com/hazembelkhiria/dogs v0.0.0-20250112154338-37616a86e445 h1:8NKkqswHFEVlIh4MsvHEbdX5K9kCVc5MU764stU7j/A=
github.com/hazembelkhiria/dogs v0.0.0-20250112154338-37616a86e445/go.mod h1:AwRbHMTYz+51zXmW+fB2RNjBbMahUQjQ5OafwDPWNMY=
